// !$*UTF8*$!
{
	archiveVersion = 1;
	classes = {
	};
	objectVersion = 48;
	objects = {

/* Begin PBXBuildFile section */
		160DCE6122432FBC004CB790 /* GoogleService-Info.plist in Resources */ = {isa = PBXBuildFile; fileRef = 160DCE6022432FBC004CB790 /* GoogleService-Info.plist */; };
		1D709F7821D829900637D7B0 /* Pods_NetKnightUITests.framework in Frameworks */ = {isa = PBXBuildFile; fileRef = 880AE4C76288BD0A60977792 /* Pods_NetKnightUITests.framework */; };
		30B664451FCD6E65003C8B55 /* AppDelegate.swift in Sources */ = {isa = PBXBuildFile; fileRef = 30B664441FCD6E65003C8B55 /* AppDelegate.swift */; };
		30B6644A1FCD6E65003C8B55 /* Main.storyboard in Resources */ = {isa = PBXBuildFile; fileRef = 30B664481FCD6E65003C8B55 /* Main.storyboard */; };
		30B6644C1FCD6E65003C8B55 /* Assets.xcassets in Resources */ = {isa = PBXBuildFile; fileRef = 30B6644B1FCD6E65003C8B55 /* Assets.xcassets */; };
		30B6644F1FCD6E65003C8B55 /* LaunchScreen.storyboard in Resources */ = {isa = PBXBuildFile; fileRef = 30B6644D1FCD6E65003C8B55 /* LaunchScreen.storyboard */; };
		30B6645A1FCD6E65003C8B55 /* nRFBlinkyTests.swift in Sources */ = {isa = PBXBuildFile; fileRef = 30B664591FCD6E65003C8B55 /* nRFBlinkyTests.swift */; };
		30B664651FCD6E65003C8B55 /* nRFBlinkyUITests.swift in Sources */ = {isa = PBXBuildFile; fileRef = 30B664641FCD6E65003C8B55 /* nRFBlinkyUITests.swift */; };
		30B664801FCD9638003C8B55 /* RootViewController.swift in Sources */ = {isa = PBXBuildFile; fileRef = 30B6647F1FCD9638003C8B55 /* RootViewController.swift */; };
		30B664831FCDA0EB003C8B55 /* ScannerTableViewController.swift in Sources */ = {isa = PBXBuildFile; fileRef = 30B664821FCDA0EB003C8B55 /* ScannerTableViewController.swift */; };
		30B664851FCDA0FC003C8B55 /* BlinkyTableViewCell.swift in Sources */ = {isa = PBXBuildFile; fileRef = 30B664841FCDA0FC003C8B55 /* BlinkyTableViewCell.swift */; };
		30B664881FCDA2E0003C8B55 /* BlinkyPeripheral.swift in Sources */ = {isa = PBXBuildFile; fileRef = 30B664871FCDA2E0003C8B55 /* BlinkyPeripheral.swift */; };
		30B6648B1FD1590A003C8B55 /* BlinkyViewController.swift in Sources */ = {isa = PBXBuildFile; fileRef = 30B6648A1FD1590A003C8B55 /* BlinkyViewController.swift */; };
		4289E475D237173EB419262E /* Pods_NetKnightTests.framework in Frameworks */ = {isa = PBXBuildFile; fileRef = D72D9767EF848C7777ECC5EB /* Pods_NetKnightTests.framework */; };
		84078E4F2124912E00F3B479 /* Preference.swift in Sources */ = {isa = PBXBuildFile; fileRef = 84078E4E2124912E00F3B479 /* Preference.swift */; };
		84237DAE21230FDB009433EF /* Alerts.swift in Sources */ = {isa = PBXBuildFile; fileRef = 84237DAD21230FDB009433EF /* Alerts.swift */; };
		84FC31D32118A9F600C9894C /* RandomViewController.swift in Sources */ = {isa = PBXBuildFile; fileRef = 84FC31D22118A9F600C9894C /* RandomViewController.swift */; };
		8E6B28A3334F9BE7D9A59A3C /* Pods_NetKnight.framework in Frameworks */ = {isa = PBXBuildFile; fileRef = 41F0FEB3684D8BA5A51428F3 /* Pods_NetKnight.framework */; };
/* End PBXBuildFile section */

/* Begin PBXContainerItemProxy section */
		30B664561FCD6E65003C8B55 /* PBXContainerItemProxy */ = {
			isa = PBXContainerItemProxy;
			containerPortal = 30B664391FCD6E65003C8B55 /* Project object */;
			proxyType = 1;
			remoteGlobalIDString = 30B664401FCD6E65003C8B55;
			remoteInfo = nRFBlinky;
		};
		30B664611FCD6E65003C8B55 /* PBXContainerItemProxy */ = {
			isa = PBXContainerItemProxy;
			containerPortal = 30B664391FCD6E65003C8B55 /* Project object */;
			proxyType = 1;
			remoteGlobalIDString = 30B664401FCD6E65003C8B55;
			remoteInfo = nRFBlinky;
		};
/* End PBXContainerItemProxy section */

/* Begin PBXFileReference section */
		12FDAAF25D38BD84746858ED /* Pods-NetKnightUITests.release.xcconfig */ = {isa = PBXFileReference; includeInIndex = 1; lastKnownFileType = text.xcconfig; name = "Pods-NetKnightUITests.release.xcconfig"; path = "Pods/Target Support Files/Pods-NetKnightUITests/Pods-NetKnightUITests.release.xcconfig"; sourceTree = "<group>"; };
		160DCE6022432FBC004CB790 /* GoogleService-Info.plist */ = {isa = PBXFileReference; fileEncoding = 4; lastKnownFileType = text.plist.xml; path = "GoogleService-Info.plist"; sourceTree = "<group>"; };
		2F5BF8565EAD86C55124802D /* Pods-NetKnightTests.debug.xcconfig */ = {isa = PBXFileReference; includeInIndex = 1; lastKnownFileType = text.xcconfig; name = "Pods-NetKnightTests.debug.xcconfig"; path = "Pods/Target Support Files/Pods-NetKnightTests/Pods-NetKnightTests.debug.xcconfig"; sourceTree = "<group>"; };
		30B664411FCD6E65003C8B55 /* NetKnight.app */ = {isa = PBXFileReference; explicitFileType = wrapper.application; includeInIndex = 0; path = NetKnight.app; sourceTree = BUILT_PRODUCTS_DIR; };
		30B664441FCD6E65003C8B55 /* AppDelegate.swift */ = {isa = PBXFileReference; lastKnownFileType = sourcecode.swift; path = AppDelegate.swift; sourceTree = "<group>"; };
		30B664491FCD6E65003C8B55 /* Base */ = {isa = PBXFileReference; lastKnownFileType = file.storyboard; name = Base; path = Base.lproj/Main.storyboard; sourceTree = "<group>"; };
		30B6644B1FCD6E65003C8B55 /* Assets.xcassets */ = {isa = PBXFileReference; lastKnownFileType = folder.assetcatalog; path = Assets.xcassets; sourceTree = "<group>"; };
		30B6644E1FCD6E65003C8B55 /* Base */ = {isa = PBXFileReference; lastKnownFileType = file.storyboard; name = Base; path = Base.lproj/LaunchScreen.storyboard; sourceTree = "<group>"; };
		30B664501FCD6E65003C8B55 /* Info.plist */ = {isa = PBXFileReference; lastKnownFileType = text.plist.xml; path = Info.plist; sourceTree = "<group>"; };
		30B664551FCD6E65003C8B55 /* NetKnightTests.xctest */ = {isa = PBXFileReference; explicitFileType = wrapper.cfbundle; includeInIndex = 0; path = NetKnightTests.xctest; sourceTree = BUILT_PRODUCTS_DIR; };
		30B664591FCD6E65003C8B55 /* nRFBlinkyTests.swift */ = {isa = PBXFileReference; lastKnownFileType = sourcecode.swift; path = nRFBlinkyTests.swift; sourceTree = "<group>"; };
		30B6645B1FCD6E65003C8B55 /* Info.plist */ = {isa = PBXFileReference; lastKnownFileType = text.plist.xml; path = Info.plist; sourceTree = "<group>"; };
		30B664601FCD6E65003C8B55 /* NetKnightUITests.xctest */ = {isa = PBXFileReference; explicitFileType = wrapper.cfbundle; includeInIndex = 0; path = NetKnightUITests.xctest; sourceTree = BUILT_PRODUCTS_DIR; };
		30B664641FCD6E65003C8B55 /* nRFBlinkyUITests.swift */ = {isa = PBXFileReference; lastKnownFileType = sourcecode.swift; path = nRFBlinkyUITests.swift; sourceTree = "<group>"; };
		30B664661FCD6E65003C8B55 /* Info.plist */ = {isa = PBXFileReference; lastKnownFileType = text.plist.xml; path = Info.plist; sourceTree = "<group>"; };
		30B6647F1FCD9638003C8B55 /* RootViewController.swift */ = {isa = PBXFileReference; lastKnownFileType = sourcecode.swift; path = RootViewController.swift; sourceTree = "<group>"; };
		30B664821FCDA0EB003C8B55 /* ScannerTableViewController.swift */ = {isa = PBXFileReference; lastKnownFileType = sourcecode.swift; path = ScannerTableViewController.swift; sourceTree = "<group>"; };
		30B664841FCDA0FC003C8B55 /* BlinkyTableViewCell.swift */ = {isa = PBXFileReference; lastKnownFileType = sourcecode.swift; path = BlinkyTableViewCell.swift; sourceTree = "<group>"; };
		30B664871FCDA2E0003C8B55 /* BlinkyPeripheral.swift */ = {isa = PBXFileReference; lastKnownFileType = sourcecode.swift; path = BlinkyPeripheral.swift; sourceTree = "<group>"; };
		30B6648A1FD1590A003C8B55 /* BlinkyViewController.swift */ = {isa = PBXFileReference; lastKnownFileType = sourcecode.swift; path = BlinkyViewController.swift; sourceTree = "<group>"; };
		322B75CB64D86A1A4B44E7FE /* Pods-NetKnightTests.release.xcconfig */ = {isa = PBXFileReference; includeInIndex = 1; lastKnownFileType = text.xcconfig; name = "Pods-NetKnightTests.release.xcconfig"; path = "Pods/Target Support Files/Pods-NetKnightTests/Pods-NetKnightTests.release.xcconfig"; sourceTree = "<group>"; };
		37750AECAECEDC94DD7E109D /* Pods-NetKnight.debug.xcconfig */ = {isa = PBXFileReference; includeInIndex = 1; lastKnownFileType = text.xcconfig; name = "Pods-NetKnight.debug.xcconfig"; path = "Pods/Target Support Files/Pods-NetKnight/Pods-NetKnight.debug.xcconfig"; sourceTree = "<group>"; };
		41F0FEB3684D8BA5A51428F3 /* Pods_NetKnight.framework */ = {isa = PBXFileReference; explicitFileType = wrapper.framework; includeInIndex = 0; path = Pods_NetKnight.framework; sourceTree = BUILT_PRODUCTS_DIR; };
		84078E4E2124912E00F3B479 /* Preference.swift */ = {isa = PBXFileReference; lastKnownFileType = sourcecode.swift; path = Preference.swift; sourceTree = "<group>"; };
		840AED2D210C747C00484297 /* Roboto-Regular.ttf */ = {isa = PBXFileReference; lastKnownFileType = file; path = "Roboto-Regular.ttf"; sourceTree = "<group>"; };
		84237DAD21230FDB009433EF /* Alerts.swift */ = {isa = PBXFileReference; lastKnownFileType = sourcecode.swift; path = Alerts.swift; sourceTree = "<group>"; };
		84FC31D22118A9F600C9894C /* RandomViewController.swift */ = {isa = PBXFileReference; lastKnownFileType = sourcecode.swift; path = RandomViewController.swift; sourceTree = "<group>"; };
		880AE4C76288BD0A60977792 /* Pods_NetKnightUITests.framework */ = {isa = PBXFileReference; explicitFileType = wrapper.framework; includeInIndex = 0; path = Pods_NetKnightUITests.framework; sourceTree = BUILT_PRODUCTS_DIR; };
		D72D9767EF848C7777ECC5EB /* Pods_NetKnightTests.framework */ = {isa = PBXFileReference; explicitFileType = wrapper.framework; includeInIndex = 0; path = Pods_NetKnightTests.framework; sourceTree = BUILT_PRODUCTS_DIR; };
		E847D27A9A4AAA18113E850B /* Pods-NetKnight.release.xcconfig */ = {isa = PBXFileReference; includeInIndex = 1; lastKnownFileType = text.xcconfig; name = "Pods-NetKnight.release.xcconfig"; path = "Pods/Target Support Files/Pods-NetKnight/Pods-NetKnight.release.xcconfig"; sourceTree = "<group>"; };
		EAAC67BD1B0B65842F44F39A /* Pods-NetKnightUITests.debug.xcconfig */ = {isa = PBXFileReference; includeInIndex = 1; lastKnownFileType = text.xcconfig; name = "Pods-NetKnightUITests.debug.xcconfig"; path = "Pods/Target Support Files/Pods-NetKnightUITests/Pods-NetKnightUITests.debug.xcconfig"; sourceTree = "<group>"; };
/* End PBXFileReference section */

/* Begin PBXFrameworksBuildPhase section */
		30B6643E1FCD6E65003C8B55 /* Frameworks */ = {
			isa = PBXFrameworksBuildPhase;
			buildActionMask = 2147483647;
			files = (
				8E6B28A3334F9BE7D9A59A3C /* Pods_NetKnight.framework in Frameworks */,
			);
			runOnlyForDeploymentPostprocessing = 0;
		};
		30B664521FCD6E65003C8B55 /* Frameworks */ = {
			isa = PBXFrameworksBuildPhase;
			buildActionMask = 2147483647;
			files = (
				4289E475D237173EB419262E /* Pods_NetKnightTests.framework in Frameworks */,
			);
			runOnlyForDeploymentPostprocessing = 0;
		};
		30B6645D1FCD6E65003C8B55 /* Frameworks */ = {
			isa = PBXFrameworksBuildPhase;
			buildActionMask = 2147483647;
			files = (
				1D709F7821D829900637D7B0 /* Pods_NetKnightUITests.framework in Frameworks */,
			);
			runOnlyForDeploymentPostprocessing = 0;
		};
/* End PBXFrameworksBuildPhase section */

/* Begin PBXGroup section */
		178270FE130FA0CCC582C375 /* Pods */ = {
			isa = PBXGroup;
			children = (
				37750AECAECEDC94DD7E109D /* Pods-NetKnight.debug.xcconfig */,
				E847D27A9A4AAA18113E850B /* Pods-NetKnight.release.xcconfig */,
				2F5BF8565EAD86C55124802D /* Pods-NetKnightTests.debug.xcconfig */,
				322B75CB64D86A1A4B44E7FE /* Pods-NetKnightTests.release.xcconfig */,
				EAAC67BD1B0B65842F44F39A /* Pods-NetKnightUITests.debug.xcconfig */,
				12FDAAF25D38BD84746858ED /* Pods-NetKnightUITests.release.xcconfig */,
			);
			name = Pods;
			sourceTree = "<group>";
		};
		24FAE022D9E27BC1237DCB22 /* Frameworks */ = {
			isa = PBXGroup;
			children = (
				41F0FEB3684D8BA5A51428F3 /* Pods_NetKnight.framework */,
				D72D9767EF848C7777ECC5EB /* Pods_NetKnightTests.framework */,
				880AE4C76288BD0A60977792 /* Pods_NetKnightUITests.framework */,
			);
			name = Frameworks;
			sourceTree = "<group>";
		};
		30B664381FCD6E65003C8B55 = {
			isa = PBXGroup;
			children = (
				30B664431FCD6E65003C8B55 /* nRFBlinky */,
				30B664581FCD6E65003C8B55 /* nRFBlinkyTests */,
				30B664631FCD6E65003C8B55 /* nRFBlinkyUITests */,
				30B664421FCD6E65003C8B55 /* Products */,
				178270FE130FA0CCC582C375 /* Pods */,
				24FAE022D9E27BC1237DCB22 /* Frameworks */,
			);
			sourceTree = "<group>";
		};
		30B664421FCD6E65003C8B55 /* Products */ = {
			isa = PBXGroup;
			children = (
				30B664411FCD6E65003C8B55 /* NetKnight.app */,
				30B664551FCD6E65003C8B55 /* NetKnightTests.xctest */,
				30B664601FCD6E65003C8B55 /* NetKnightUITests.xctest */,
			);
			name = Products;
			sourceTree = "<group>";
		};
		30B664431FCD6E65003C8B55 /* nRFBlinky */ = {
			isa = PBXGroup;
			children = (
				160DCE6022432FBC004CB790 /* GoogleService-Info.plist */,
				840AED2C210C746900484297 /* fonts */,
				30B664861FCDA2C5003C8B55 /* Models */,
				30B664791FCD722A003C8B55 /* ViewControllers */,
				30B664441FCD6E65003C8B55 /* AppDelegate.swift */,
				30B664481FCD6E65003C8B55 /* Main.storyboard */,
				30B6644B1FCD6E65003C8B55 /* Assets.xcassets */,
				30B6644D1FCD6E65003C8B55 /* LaunchScreen.storyboard */,
				30B664501FCD6E65003C8B55 /* Info.plist */,
				84078E4E2124912E00F3B479 /* Preference.swift */,
			);
			path = nRFBlinky;
			sourceTree = "<group>";
		};
		30B664581FCD6E65003C8B55 /* nRFBlinkyTests */ = {
			isa = PBXGroup;
			children = (
				30B664591FCD6E65003C8B55 /* nRFBlinkyTests.swift */,
				30B6645B1FCD6E65003C8B55 /* Info.plist */,
			);
			path = nRFBlinkyTests;
			sourceTree = "<group>";
		};
		30B664631FCD6E65003C8B55 /* nRFBlinkyUITests */ = {
			isa = PBXGroup;
			children = (
				30B664641FCD6E65003C8B55 /* nRFBlinkyUITests.swift */,
				30B664661FCD6E65003C8B55 /* Info.plist */,
			);
			path = nRFBlinkyUITests;
			sourceTree = "<group>";
		};
		30B664791FCD722A003C8B55 /* ViewControllers */ = {
			isa = PBXGroup;
			children = (
				84FC31D12118A9DF00C9894C /* RandomView */,
				30B664891FD15900003C8B55 /* BlinkyView */,
				30B664811FCDA0DE003C8B55 /* ScannerView */,
				30B6647F1FCD9638003C8B55 /* RootViewController.swift */,
			);
			path = ViewControllers;
			sourceTree = "<group>";
		};
		30B664811FCDA0DE003C8B55 /* ScannerView */ = {
			isa = PBXGroup;
			children = (
				30B664821FCDA0EB003C8B55 /* ScannerTableViewController.swift */,
				30B664841FCDA0FC003C8B55 /* BlinkyTableViewCell.swift */,
			);
			path = ScannerView;
			sourceTree = "<group>";
		};
		30B664861FCDA2C5003C8B55 /* Models */ = {
			isa = PBXGroup;
			children = (
				30B664871FCDA2E0003C8B55 /* BlinkyPeripheral.swift */,
				84237DAD21230FDB009433EF /* Alerts.swift */,
			);
			path = Models;
			sourceTree = "<group>";
		};
		30B664891FD15900003C8B55 /* BlinkyView */ = {
			isa = PBXGroup;
			children = (
				30B6648A1FD1590A003C8B55 /* BlinkyViewController.swift */,
			);
			path = BlinkyView;
			sourceTree = "<group>";
		};
		840AED2C210C746900484297 /* fonts */ = {
			isa = PBXGroup;
			children = (
				840AED2D210C747C00484297 /* Roboto-Regular.ttf */,
			);
			path = fonts;
			sourceTree = "<group>";
		};
		84FC31D12118A9DF00C9894C /* RandomView */ = {
			isa = PBXGroup;
			children = (
				84FC31D22118A9F600C9894C /* RandomViewController.swift */,
			);
			path = RandomView;
			sourceTree = "<group>";
		};
/* End PBXGroup section */

/* Begin PBXNativeTarget section */
		30B664401FCD6E65003C8B55 /* NetKnight */ = {
			isa = PBXNativeTarget;
			buildConfigurationList = 30B664691FCD6E65003C8B55 /* Build configuration list for PBXNativeTarget "NetKnight" */;
			buildPhases = (
				F17D5F0C10771066B4D2435B /* [CP] Check Pods Manifest.lock */,
				30B6643D1FCD6E65003C8B55 /* Sources */,
				30B6643E1FCD6E65003C8B55 /* Frameworks */,
				30B6643F1FCD6E65003C8B55 /* Resources */,
				D7BB62FD71214EFA1B1C56FD /* [CP] Embed Pods Frameworks */,
				1609156F228B2B2700A838B0 /* ShellScript */,
			);
			buildRules = (
			);
			dependencies = (
			);
			name = NetKnight;
			productName = nRFBlinky;
			productReference = 30B664411FCD6E65003C8B55 /* NetKnight.app */;
			productType = "com.apple.product-type.application";
		};
		30B664541FCD6E65003C8B55 /* NetKnightTests */ = {
			isa = PBXNativeTarget;
			buildConfigurationList = 30B6646C1FCD6E65003C8B55 /* Build configuration list for PBXNativeTarget "NetKnightTests" */;
			buildPhases = (
				0CEE07F989DDEEFCE84E7A7C /* [CP] Check Pods Manifest.lock */,
				30B664511FCD6E65003C8B55 /* Sources */,
				30B664521FCD6E65003C8B55 /* Frameworks */,
				30B664531FCD6E65003C8B55 /* Resources */,
			);
			buildRules = (
			);
			dependencies = (
				30B664571FCD6E65003C8B55 /* PBXTargetDependency */,
			);
			name = NetKnightTests;
			productName = nRFBlinkyTests;
			productReference = 30B664551FCD6E65003C8B55 /* NetKnightTests.xctest */;
			productType = "com.apple.product-type.bundle.unit-test";
		};
		30B6645F1FCD6E65003C8B55 /* NetKnightUITests */ = {
			isa = PBXNativeTarget;
			buildConfigurationList = 30B6646F1FCD6E65003C8B55 /* Build configuration list for PBXNativeTarget "NetKnightUITests" */;
			buildPhases = (
				E15158DA7CDDD84950460997 /* [CP] Check Pods Manifest.lock */,
				30B6645C1FCD6E65003C8B55 /* Sources */,
				30B6645D1FCD6E65003C8B55 /* Frameworks */,
				30B6645E1FCD6E65003C8B55 /* Resources */,
			);
			buildRules = (
			);
			dependencies = (
				30B664621FCD6E65003C8B55 /* PBXTargetDependency */,
			);
			name = NetKnightUITests;
			productName = nRFBlinkyUITests;
			productReference = 30B664601FCD6E65003C8B55 /* NetKnightUITests.xctest */;
			productType = "com.apple.product-type.bundle.ui-testing";
		};
/* End PBXNativeTarget section */

/* Begin PBXProject section */
		30B664391FCD6E65003C8B55 /* Project object */ = {
			isa = PBXProject;
			attributes = {
				LastSwiftUpdateCheck = 0910;
				LastUpgradeCheck = 0910;
				ORGANIZATIONNAME = "Nordic Semiconductor ASA";
				TargetAttributes = {
					30B664401FCD6E65003C8B55 = {
						CreatedOnToolsVersion = 9.1;
						LastSwiftMigration = 1010;
						ProvisioningStyle = Automatic;
						SystemCapabilities = {
							com.apple.BackgroundModes = {
								enabled = 1;
							};
						};
					};
					30B664541FCD6E65003C8B55 = {
						CreatedOnToolsVersion = 9.1;
						LastSwiftMigration = 1010;
						ProvisioningStyle = Automatic;
						TestTargetID = 30B664401FCD6E65003C8B55;
					};
					30B6645F1FCD6E65003C8B55 = {
						CreatedOnToolsVersion = 9.1;
						LastSwiftMigration = 1010;
						ProvisioningStyle = Automatic;
						TestTargetID = 30B664401FCD6E65003C8B55;
					};
				};
			};
			buildConfigurationList = 30B6643C1FCD6E65003C8B55 /* Build configuration list for PBXProject "NetKnight" */;
			compatibilityVersion = "Xcode 8.0";
			developmentRegion = en;
			hasScannedForEncodings = 0;
			knownRegions = (
				en,
				Base,
			);
			mainGroup = 30B664381FCD6E65003C8B55;
			productRefGroup = 30B664421FCD6E65003C8B55 /* Products */;
			projectDirPath = "";
			projectRoot = "";
			targets = (
				30B664401FCD6E65003C8B55 /* NetKnight */,
				30B664541FCD6E65003C8B55 /* NetKnightTests */,
				30B6645F1FCD6E65003C8B55 /* NetKnightUITests */,
			);
		};
/* End PBXProject section */

/* Begin PBXResourcesBuildPhase section */
		30B6643F1FCD6E65003C8B55 /* Resources */ = {
			isa = PBXResourcesBuildPhase;
			buildActionMask = 2147483647;
			files = (
				30B6644F1FCD6E65003C8B55 /* LaunchScreen.storyboard in Resources */,
				160DCE6122432FBC004CB790 /* GoogleService-Info.plist in Resources */,
				30B6644C1FCD6E65003C8B55 /* Assets.xcassets in Resources */,
				30B6644A1FCD6E65003C8B55 /* Main.storyboard in Resources */,
			);
			runOnlyForDeploymentPostprocessing = 0;
		};
		30B664531FCD6E65003C8B55 /* Resources */ = {
			isa = PBXResourcesBuildPhase;
			buildActionMask = 2147483647;
			files = (
			);
			runOnlyForDeploymentPostprocessing = 0;
		};
		30B6645E1FCD6E65003C8B55 /* Resources */ = {
			isa = PBXResourcesBuildPhase;
			buildActionMask = 2147483647;
			files = (
			);
			runOnlyForDeploymentPostprocessing = 0;
		};
/* End PBXResourcesBuildPhase section */

/* Begin PBXShellScriptBuildPhase section */
		0CEE07F989DDEEFCE84E7A7C /* [CP] Check Pods Manifest.lock */ = {
			isa = PBXShellScriptBuildPhase;
			buildActionMask = 2147483647;
			files = (
			);
			inputPaths = (
				"${PODS_PODFILE_DIR_PATH}/Podfile.lock",
				"${PODS_ROOT}/Manifest.lock",
			);
			name = "[CP] Check Pods Manifest.lock";
			outputPaths = (
				"$(DERIVED_FILE_DIR)/Pods-NetKnightTests-checkManifestLockResult.txt",
			);
			runOnlyForDeploymentPostprocessing = 0;
			shellPath = /bin/sh;
			shellScript = "diff \"${PODS_PODFILE_DIR_PATH}/Podfile.lock\" \"${PODS_ROOT}/Manifest.lock\" > /dev/null\nif [ $? != 0 ] ; then\n    # print error to STDERR\n    echo \"error: The sandbox is not in sync with the Podfile.lock. Run 'pod install' or update your CocoaPods installation.\" >&2\n    exit 1\nfi\n# This output is used by Xcode 'outputs' to avoid re-running this script phase.\necho \"SUCCESS\" > \"${SCRIPT_OUTPUT_FILE_0}\"\n";
			showEnvVarsInLog = 0;
		};
		1609156F228B2B2700A838B0 /* ShellScript */ = {
			isa = PBXShellScriptBuildPhase;
			buildActionMask = 2147483647;
			files = (
			);
			inputFileListPaths = (
			);
			inputPaths = (
			);
			outputFileListPaths = (
			);
			outputPaths = (
			);
			runOnlyForDeploymentPostprocessing = 0;
			shellPath = /bin/sh;
			shellScript = "# Type a script or drag a script file from your workspace to insert its path.\n\"${PODS_ROOT}/Fabric/run\" 52e7ecc99d9d58cadd535db915da9462dbe4b279 f4631b46e9034d8b8543d12b9ff4581796711d6a9b4e10371cd7cdfedefdb3ea\n";
		};
		D7BB62FD71214EFA1B1C56FD /* [CP] Embed Pods Frameworks */ = {
			isa = PBXShellScriptBuildPhase;
			buildActionMask = 2147483647;
			files = (
			);
			inputPaths = (
				"${PODS_ROOT}/Target Support Files/Pods-NetKnight/Pods-NetKnight-frameworks.sh",
				"${BUILT_PRODUCTS_DIR}/DefaultsKit/DefaultsKit.framework",
				"${BUILT_PRODUCTS_DIR}/GoogleToolboxForMac/GoogleToolboxForMac.framework",
				"${BUILT_PRODUCTS_DIR}/IQKeyboardManagerSwift/IQKeyboardManagerSwift.framework",
				"${BUILT_PRODUCTS_DIR}/SwiftMessages/SwiftMessages.framework",
				"${BUILT_PRODUCTS_DIR}/leveldb-library/leveldb.framework",
				"${BUILT_PRODUCTS_DIR}/nanopb/nanopb.framework",
			);
			name = "[CP] Embed Pods Frameworks";
			outputPaths = (
				"${TARGET_BUILD_DIR}/${FRAMEWORKS_FOLDER_PATH}/DefaultsKit.framework",
				"${TARGET_BUILD_DIR}/${FRAMEWORKS_FOLDER_PATH}/GoogleToolboxForMac.framework",
				"${TARGET_BUILD_DIR}/${FRAMEWORKS_FOLDER_PATH}/IQKeyboardManagerSwift.framework",
				"${TARGET_BUILD_DIR}/${FRAMEWORKS_FOLDER_PATH}/SwiftMessages.framework",
				"${TARGET_BUILD_DIR}/${FRAMEWORKS_FOLDER_PATH}/leveldb.framework",
				"${TARGET_BUILD_DIR}/${FRAMEWORKS_FOLDER_PATH}/nanopb.framework",
			);
			runOnlyForDeploymentPostprocessing = 0;
			shellPath = /bin/sh;
			shellScript = "\"${PODS_ROOT}/Target Support Files/Pods-NetKnight/Pods-NetKnight-frameworks.sh\"\n";
			showEnvVarsInLog = 0;
		};
		E15158DA7CDDD84950460997 /* [CP] Check Pods Manifest.lock */ = {
			isa = PBXShellScriptBuildPhase;
			buildActionMask = 2147483647;
			files = (
			);
			inputPaths = (
				"${PODS_PODFILE_DIR_PATH}/Podfile.lock",
				"${PODS_ROOT}/Manifest.lock",
			);
			name = "[CP] Check Pods Manifest.lock";
			outputPaths = (
				"$(DERIVED_FILE_DIR)/Pods-NetKnightUITests-checkManifestLockResult.txt",
			);
			runOnlyForDeploymentPostprocessing = 0;
			shellPath = /bin/sh;
			shellScript = "diff \"${PODS_PODFILE_DIR_PATH}/Podfile.lock\" \"${PODS_ROOT}/Manifest.lock\" > /dev/null\nif [ $? != 0 ] ; then\n    # print error to STDERR\n    echo \"error: The sandbox is not in sync with the Podfile.lock. Run 'pod install' or update your CocoaPods installation.\" >&2\n    exit 1\nfi\n# This output is used by Xcode 'outputs' to avoid re-running this script phase.\necho \"SUCCESS\" > \"${SCRIPT_OUTPUT_FILE_0}\"\n";
			showEnvVarsInLog = 0;
		};
		F17D5F0C10771066B4D2435B /* [CP] Check Pods Manifest.lock */ = {
			isa = PBXShellScriptBuildPhase;
			buildActionMask = 2147483647;
			files = (
			);
			inputPaths = (
				"${PODS_PODFILE_DIR_PATH}/Podfile.lock",
				"${PODS_ROOT}/Manifest.lock",
			);
			name = "[CP] Check Pods Manifest.lock";
			outputPaths = (
				"$(DERIVED_FILE_DIR)/Pods-NetKnight-checkManifestLockResult.txt",
			);
			runOnlyForDeploymentPostprocessing = 0;
			shellPath = /bin/sh;
			shellScript = "diff \"${PODS_PODFILE_DIR_PATH}/Podfile.lock\" \"${PODS_ROOT}/Manifest.lock\" > /dev/null\nif [ $? != 0 ] ; then\n    # print error to STDERR\n    echo \"error: The sandbox is not in sync with the Podfile.lock. Run 'pod install' or update your CocoaPods installation.\" >&2\n    exit 1\nfi\n# This output is used by Xcode 'outputs' to avoid re-running this script phase.\necho \"SUCCESS\" > \"${SCRIPT_OUTPUT_FILE_0}\"\n";
			showEnvVarsInLog = 0;
		};
/* End PBXShellScriptBuildPhase section */

/* Begin PBXSourcesBuildPhase section */
		30B6643D1FCD6E65003C8B55 /* Sources */ = {
			isa = PBXSourcesBuildPhase;
			buildActionMask = 2147483647;
			files = (
				30B664851FCDA0FC003C8B55 /* BlinkyTableViewCell.swift in Sources */,
				30B664831FCDA0EB003C8B55 /* ScannerTableViewController.swift in Sources */,
				84237DAE21230FDB009433EF /* Alerts.swift in Sources */,
				30B664881FCDA2E0003C8B55 /* BlinkyPeripheral.swift in Sources */,
				84FC31D32118A9F600C9894C /* RandomViewController.swift in Sources */,
				30B664801FCD9638003C8B55 /* RootViewController.swift in Sources */,
				30B664451FCD6E65003C8B55 /* AppDelegate.swift in Sources */,
				84078E4F2124912E00F3B479 /* Preference.swift in Sources */,
				30B6648B1FD1590A003C8B55 /* BlinkyViewController.swift in Sources */,
			);
			runOnlyForDeploymentPostprocessing = 0;
		};
		30B664511FCD6E65003C8B55 /* Sources */ = {
			isa = PBXSourcesBuildPhase;
			buildActionMask = 2147483647;
			files = (
				30B6645A1FCD6E65003C8B55 /* nRFBlinkyTests.swift in Sources */,
			);
			runOnlyForDeploymentPostprocessing = 0;
		};
		30B6645C1FCD6E65003C8B55 /* Sources */ = {
			isa = PBXSourcesBuildPhase;
			buildActionMask = 2147483647;
			files = (
				30B664651FCD6E65003C8B55 /* nRFBlinkyUITests.swift in Sources */,
			);
			runOnlyForDeploymentPostprocessing = 0;
		};
/* End PBXSourcesBuildPhase section */

/* Begin PBXTargetDependency section */
		30B664571FCD6E65003C8B55 /* PBXTargetDependency */ = {
			isa = PBXTargetDependency;
			target = 30B664401FCD6E65003C8B55 /* NetKnight */;
			targetProxy = 30B664561FCD6E65003C8B55 /* PBXContainerItemProxy */;
		};
		30B664621FCD6E65003C8B55 /* PBXTargetDependency */ = {
			isa = PBXTargetDependency;
			target = 30B664401FCD6E65003C8B55 /* NetKnight */;
			targetProxy = 30B664611FCD6E65003C8B55 /* PBXContainerItemProxy */;
		};
/* End PBXTargetDependency section */

/* Begin PBXVariantGroup section */
		30B664481FCD6E65003C8B55 /* Main.storyboard */ = {
			isa = PBXVariantGroup;
			children = (
				30B664491FCD6E65003C8B55 /* Base */,
			);
			name = Main.storyboard;
			sourceTree = "<group>";
		};
		30B6644D1FCD6E65003C8B55 /* LaunchScreen.storyboard */ = {
			isa = PBXVariantGroup;
			children = (
				30B6644E1FCD6E65003C8B55 /* Base */,
			);
			name = LaunchScreen.storyboard;
			sourceTree = "<group>";
		};
/* End PBXVariantGroup section */

/* Begin XCBuildConfiguration section */
		30B664671FCD6E65003C8B55 /* Debug */ = {
			isa = XCBuildConfiguration;
			buildSettings = {
				ALWAYS_SEARCH_USER_PATHS = NO;
				CLANG_ANALYZER_NONNULL = YES;
				CLANG_ANALYZER_NUMBER_OBJECT_CONVERSION = YES_AGGRESSIVE;
				CLANG_CXX_LANGUAGE_STANDARD = "gnu++14";
				CLANG_CXX_LIBRARY = "libc++";
				CLANG_ENABLE_MODULES = YES;
				CLANG_ENABLE_OBJC_ARC = YES;
				CLANG_WARN_BLOCK_CAPTURE_AUTORELEASING = YES;
				CLANG_WARN_BOOL_CONVERSION = YES;
				CLANG_WARN_COMMA = YES;
				CLANG_WARN_CONSTANT_CONVERSION = YES;
				CLANG_WARN_DIRECT_OBJC_ISA_USAGE = YES_ERROR;
				CLANG_WARN_DOCUMENTATION_COMMENTS = YES;
				CLANG_WARN_EMPTY_BODY = YES;
				CLANG_WARN_ENUM_CONVERSION = YES;
				CLANG_WARN_INFINITE_RECURSION = YES;
				CLANG_WARN_INT_CONVERSION = YES;
				CLANG_WARN_NON_LITERAL_NULL_CONVERSION = YES;
				CLANG_WARN_OBJC_LITERAL_CONVERSION = YES;
				CLANG_WARN_OBJC_ROOT_CLASS = YES_ERROR;
				CLANG_WARN_RANGE_LOOP_ANALYSIS = YES;
				CLANG_WARN_STRICT_PROTOTYPES = YES;
				CLANG_WARN_SUSPICIOUS_MOVE = YES;
				CLANG_WARN_UNGUARDED_AVAILABILITY = YES_AGGRESSIVE;
				CLANG_WARN_UNREACHABLE_CODE = YES;
				CLANG_WARN__DUPLICATE_METHOD_MATCH = YES;
				CODE_SIGN_IDENTITY = "iPhone Developer";
				COPY_PHASE_STRIP = NO;
				DEBUG_INFORMATION_FORMAT = "dwarf-with-dsym";
				ENABLE_STRICT_OBJC_MSGSEND = YES;
				ENABLE_TESTABILITY = YES;
				GCC_C_LANGUAGE_STANDARD = gnu11;
				GCC_DYNAMIC_NO_PIC = NO;
				GCC_NO_COMMON_BLOCKS = YES;
				GCC_OPTIMIZATION_LEVEL = 0;
				GCC_PREPROCESSOR_DEFINITIONS = (
					"DEBUG=1",
					"$(inherited)",
				);
				GCC_WARN_64_TO_32_BIT_CONVERSION = YES;
				GCC_WARN_ABOUT_RETURN_TYPE = YES_ERROR;
				GCC_WARN_UNDECLARED_SELECTOR = YES;
				GCC_WARN_UNINITIALIZED_AUTOS = YES_AGGRESSIVE;
				GCC_WARN_UNUSED_FUNCTION = YES;
				GCC_WARN_UNUSED_VARIABLE = YES;
				IPHONEOS_DEPLOYMENT_TARGET = 11.1;
				MTL_ENABLE_DEBUG_INFO = YES;
				ONLY_ACTIVE_ARCH = YES;
				SDKROOT = iphoneos;
				SWIFT_ACTIVE_COMPILATION_CONDITIONS = DEBUG;
				SWIFT_OPTIMIZATION_LEVEL = "-Onone";
			};
			name = Debug;
		};
		30B664681FCD6E65003C8B55 /* Release */ = {
			isa = XCBuildConfiguration;
			buildSettings = {
				ALWAYS_SEARCH_USER_PATHS = NO;
				CLANG_ANALYZER_NONNULL = YES;
				CLANG_ANALYZER_NUMBER_OBJECT_CONVERSION = YES_AGGRESSIVE;
				CLANG_CXX_LANGUAGE_STANDARD = "gnu++14";
				CLANG_CXX_LIBRARY = "libc++";
				CLANG_ENABLE_MODULES = YES;
				CLANG_ENABLE_OBJC_ARC = YES;
				CLANG_WARN_BLOCK_CAPTURE_AUTORELEASING = YES;
				CLANG_WARN_BOOL_CONVERSION = YES;
				CLANG_WARN_COMMA = YES;
				CLANG_WARN_CONSTANT_CONVERSION = YES;
				CLANG_WARN_DIRECT_OBJC_ISA_USAGE = YES_ERROR;
				CLANG_WARN_DOCUMENTATION_COMMENTS = YES;
				CLANG_WARN_EMPTY_BODY = YES;
				CLANG_WARN_ENUM_CONVERSION = YES;
				CLANG_WARN_INFINITE_RECURSION = YES;
				CLANG_WARN_INT_CONVERSION = YES;
				CLANG_WARN_NON_LITERAL_NULL_CONVERSION = YES;
				CLANG_WARN_OBJC_LITERAL_CONVERSION = YES;
				CLANG_WARN_OBJC_ROOT_CLASS = YES_ERROR;
				CLANG_WARN_RANGE_LOOP_ANALYSIS = YES;
				CLANG_WARN_STRICT_PROTOTYPES = YES;
				CLANG_WARN_SUSPICIOUS_MOVE = YES;
				CLANG_WARN_UNGUARDED_AVAILABILITY = YES_AGGRESSIVE;
				CLANG_WARN_UNREACHABLE_CODE = YES;
				CLANG_WARN__DUPLICATE_METHOD_MATCH = YES;
				CODE_SIGN_IDENTITY = "iPhone Developer";
				COPY_PHASE_STRIP = NO;
				DEBUG_INFORMATION_FORMAT = "dwarf-with-dsym";
				ENABLE_NS_ASSERTIONS = NO;
				ENABLE_STRICT_OBJC_MSGSEND = YES;
				GCC_C_LANGUAGE_STANDARD = gnu11;
				GCC_NO_COMMON_BLOCKS = YES;
				GCC_WARN_64_TO_32_BIT_CONVERSION = YES;
				GCC_WARN_ABOUT_RETURN_TYPE = YES_ERROR;
				GCC_WARN_UNDECLARED_SELECTOR = YES;
				GCC_WARN_UNINITIALIZED_AUTOS = YES_AGGRESSIVE;
				GCC_WARN_UNUSED_FUNCTION = YES;
				GCC_WARN_UNUSED_VARIABLE = YES;
				IPHONEOS_DEPLOYMENT_TARGET = 11.1;
				MTL_ENABLE_DEBUG_INFO = NO;
				SDKROOT = iphoneos;
				SWIFT_OPTIMIZATION_LEVEL = "-Owholemodule";
				VALIDATE_PRODUCT = YES;
			};
			name = Release;
		};
		30B6646A1FCD6E65003C8B55 /* Debug */ = {
			isa = XCBuildConfiguration;
			baseConfigurationReference = 37750AECAECEDC94DD7E109D /* Pods-NetKnight.debug.xcconfig */;
			buildSettings = {
				ASSETCATALOG_COMPILER_APPICON_NAME = AppIcon;
				CODE_SIGN_IDENTITY = "iPhone Developer";
				CODE_SIGN_STYLE = Automatic;
				DEVELOPMENT_TEAM = 625ASWMUFP;
				INFOPLIST_FILE = nRFBlinky/Info.plist;
				IPHONEOS_DEPLOYMENT_TARGET = 9.0;
				LD_RUNPATH_SEARCH_PATHS = "$(inherited) @executable_path/Frameworks";
				PRODUCT_BUNDLE_IDENTIFIER = com.NetKnightShooterTutor.NetKnight1;
				PRODUCT_NAME = "$(TARGET_NAME)";
				PROVISIONING_PROFILE_SPECIFIER = "";
				SWIFT_VERSION = 4.2;
				TARGETED_DEVICE_FAMILY = "1,2";
			};
			name = Debug;
		};
		30B6646B1FCD6E65003C8B55 /* Release */ = {
			isa = XCBuildConfiguration;
			baseConfigurationReference = E847D27A9A4AAA18113E850B /* Pods-NetKnight.release.xcconfig */;
			buildSettings = {
				ASSETCATALOG_COMPILER_APPICON_NAME = AppIcon;
				CODE_SIGN_IDENTITY = "iPhone Developer";
				CODE_SIGN_STYLE = Automatic;
				DEVELOPMENT_TEAM = 625ASWMUFP;
				INFOPLIST_FILE = nRFBlinky/Info.plist;
				IPHONEOS_DEPLOYMENT_TARGET = 9.0;
				LD_RUNPATH_SEARCH_PATHS = "$(inherited) @executable_path/Frameworks";
				PRODUCT_BUNDLE_IDENTIFIER = com.NetKnightShooterTutor.NetKnight1;
				PRODUCT_NAME = "$(TARGET_NAME)";
				PROVISIONING_PROFILE_SPECIFIER = "";
				SWIFT_VERSION = 4.2;
				TARGETED_DEVICE_FAMILY = "1,2";
			};
			name = Release;
		};
		30B6646D1FCD6E65003C8B55 /* Debug */ = {
			isa = XCBuildConfiguration;
			baseConfigurationReference = 2F5BF8565EAD86C55124802D /* Pods-NetKnightTests.debug.xcconfig */;
			buildSettings = {
				ALWAYS_EMBED_SWIFT_STANDARD_LIBRARIES = YES;
				BUNDLE_LOADER = "$(TEST_HOST)";
				CODE_SIGN_STYLE = Automatic;
				DEVELOPMENT_TEAM = P3R8YQEV4L;
				INFOPLIST_FILE = nRFBlinkyTests/Info.plist;
				LD_RUNPATH_SEARCH_PATHS = "$(inherited) @executable_path/Frameworks @loader_path/Frameworks";
				PRODUCT_BUNDLE_IDENTIFIER = com.nordicsemi.nRFBlinkyTests;
				PRODUCT_NAME = "$(TARGET_NAME)";
				SWIFT_VERSION = 4.2;
				TARGETED_DEVICE_FAMILY = "1,2";
				TEST_HOST = "$(BUILT_PRODUCTS_DIR)/NetKnight.app/NetKnight";
			};
			name = Debug;
		};
		30B6646E1FCD6E65003C8B55 /* Release */ = {
			isa = XCBuildConfiguration;
			baseConfigurationReference = 322B75CB64D86A1A4B44E7FE /* Pods-NetKnightTests.release.xcconfig */;
			buildSettings = {
				ALWAYS_EMBED_SWIFT_STANDARD_LIBRARIES = YES;
				BUNDLE_LOADER = "$(TEST_HOST)";
				CODE_SIGN_STYLE = Automatic;
				DEVELOPMENT_TEAM = P3R8YQEV4L;
				INFOPLIST_FILE = nRFBlinkyTests/Info.plist;
				LD_RUNPATH_SEARCH_PATHS = "$(inherited) @executable_path/Frameworks @loader_path/Frameworks";
				PRODUCT_BUNDLE_IDENTIFIER = com.nordicsemi.nRFBlinkyTests;
				PRODUCT_NAME = "$(TARGET_NAME)";
				SWIFT_VERSION = 4.2;
				TARGETED_DEVICE_FAMILY = "1,2";
				TEST_HOST = "$(BUILT_PRODUCTS_DIR)/NetKnight.app/NetKnight";
			};
			name = Release;
		};
		30B664701FCD6E65003C8B55 /* Debug */ = {
			isa = XCBuildConfiguration;
			baseConfigurationReference = EAAC67BD1B0B65842F44F39A /* Pods-NetKnightUITests.debug.xcconfig */;
			buildSettings = {
				ALWAYS_EMBED_SWIFT_STANDARD_LIBRARIES = YES;
				CODE_SIGN_STYLE = Automatic;
				DEVELOPMENT_TEAM = P3R8YQEV4L;
				INFOPLIST_FILE = nRFBlinkyUITests/Info.plist;
				LD_RUNPATH_SEARCH_PATHS = "$(inherited) @executable_path/Frameworks @loader_path/Frameworks";
				PRODUCT_BUNDLE_IDENTIFIER = com.nordicsemi.nRFBlinkyUITests;
				PRODUCT_NAME = "$(TARGET_NAME)";
				SWIFT_VERSION = 4.2;
				TARGETED_DEVICE_FAMILY = "1,2";
				TEST_TARGET_NAME = nRFBlinky;
			};
			name = Debug;
		};
		30B664711FCD6E65003C8B55 /* Release */ = {
			isa = XCBuildConfiguration;
			baseConfigurationReference = 12FDAAF25D38BD84746858ED /* Pods-NetKnightUITests.release.xcconfig */;
			buildSettings = {
				ALWAYS_EMBED_SWIFT_STANDARD_LIBRARIES = YES;
				CODE_SIGN_STYLE = Automatic;
				DEVELOPMENT_TEAM = P3R8YQEV4L;
				INFOPLIST_FILE = nRFBlinkyUITests/Info.plist;
				LD_RUNPATH_SEARCH_PATHS = "$(inherited) @executable_path/Frameworks @loader_path/Frameworks";
				PRODUCT_BUNDLE_IDENTIFIER = com.nordicsemi.nRFBlinkyUITests;
				PRODUCT_NAME = "$(TARGET_NAME)";
				SWIFT_VERSION = 4.2;
				TARGETED_DEVICE_FAMILY = "1,2";
				TEST_TARGET_NAME = nRFBlinky;
			};
			name = Release;
		};
/* End XCBuildConfiguration section */

/* Begin XCConfigurationList section */
		30B6643C1FCD6E65003C8B55 /* Build configuration list for PBXProject "NetKnight" */ = {
			isa = XCConfigurationList;
			buildConfigurations = (
				30B664671FCD6E65003C8B55 /* Debug */,
				30B664681FCD6E65003C8B55 /* Release */,
			);
			defaultConfigurationIsVisible = 0;
			defaultConfigurationName = Release;
		};
		30B664691FCD6E65003C8B55 /* Build configuration list for PBXNativeTarget "NetKnight" */ = {
			isa = XCConfigurationList;
			buildConfigurations = (
				30B6646A1FCD6E65003C8B55 /* Debug */,
				30B6646B1FCD6E65003C8B55 /* Release */,
			);
			defaultConfigurationIsVisible = 0;
			defaultConfigurationName = Release;
		};
		30B6646C1FCD6E65003C8B55 /* Build configuration list for PBXNativeTarget "NetKnightTests" */ = {
			isa = XCConfigurationList;
			buildConfigurations = (
				30B6646D1FCD6E65003C8B55 /* Debug */,
				30B6646E1FCD6E65003C8B55 /* Release */,
			);
			defaultConfigurationIsVisible = 0;
			defaultConfigurationName = Release;
		};
		30B6646F1FCD6E65003C8B55 /* Build configuration list for PBXNativeTarget "NetKnightUITests" */ = {
			isa = XCConfigurationList;
			buildConfigurations = (
				30B664701FCD6E65003C8B55 /* Debug */,
				30B664711FCD6E65003C8B55 /* Release */,
			);
			defaultConfigurationIsVisible = 0;
			defaultConfigurationName = Release;
		};
/* End XCConfigurationList section */
	};
	rootObject = 30B664391FCD6E65003C8B55 /* Project object */;
}
